
Microsoft Visual Studio Solution File, Format Version 12.00
# Visual Studio Version 16
VisualStudioVersion = 16.0.34031.81
MinimumVisualStudioVersion = 10.0.40219.1
Project("{2150E333-8FDC-42A3-9474-1A3956D46DE8}") = "Task0", "Task0", "{10D7D5AE-199C-48CF-AFDF-5120912C5269}"
EndProject
Project("{FAE04EC0-301F-11D3-BF4B-00C04F79EFBC}") = "Tyuiu.ZainagabdinovR.A.Sprint2.Task0.V20", "Tyuiu.ZainagabdinovR.A.Sprint2.Task0.V20\Tyuiu.ZainagabdinovR.A.Sprint2.Task0.V20.csproj", "{D99FA226-399F-482E-A06E-68748D0708C4}"
EndProject
Project("{FAE04EC0-301F-11D3-BF4B-00C04F79EFBC}") = "Tyuiu.ZainagabdinovR.A.Sprint2.Task0.V20.Lib", "Tyuiu.ZainagabdinovR.A.Sprint2.Task0.V20.Lib\Tyuiu.ZainagabdinovR.A.Sprint2.Task0.V20.Lib.csproj", "{0A2B6BB1-17EB-4CC4-96C7-66F8E48D21A6}"
EndProject
Project("{FAE04EC0-301F-11D3-BF4B-00C04F79EFBC}") = "Tyuiu.ZainagabdinovR.A.Sprint2.Task0.V20.Test", "Tyuiu.ZainagabdinovR.A.Sprint2.Task0.V20.Test\Tyuiu.ZainagabdinovR.A.Sprint2.Task0.V20.Test.csproj", "{779437DF-880A-404C-A07A-1EBBD16E4EF4}"
EndProject
Project("{2150E333-8FDC-42A3-9474-1A3956D46DE8}") = "Task1", "Task1", "{02E78991-044E-4BAA-87BF-D6504805FF2A}"
EndProject
Project("{FAE04EC0-301F-11D3-BF4B-00C04F79EFBC}") = "Tyuiu.ZainagabdinovR.A.Sprint2.Task1.V20", "Tyuiu.ZainagabdinovR.A.Sprint2.Task1.V20\Tyuiu.ZainagabdinovR.A.Sprint2.Task1.V20.csproj", "{BA8D889A-89F2-4BCA-AB9C-E9CC03E9E870}"
EndProject
Project("{FAE04EC0-301F-11D3-BF4B-00C04F79EFBC}") = "Tyuiu.ZainagabdinovR.A.Sprint2.Task1.V20.Lib", "Tyuiu.ZainagabdinovR.A.Sprint2.Task1.V20.Lib\Tyuiu.ZainagabdinovR.A.Sprint2.Task1.V20.Lib.csproj", "{E69EEF3C-FCA4-4912-9E74-53F0B6A61326}"
EndProject
Project("{FAE04EC0-301F-11D3-BF4B-00C04F79EFBC}") = "Tyuiu.ZainagabdinovR.A.Sprint2.Task1.V20.Test", "Tyuiu.ZainagabdinovR.A.Sprint2.Task1.V20.Test\Tyuiu.ZainagabdinovR.A.Sprint2.Task1.V20.Test.csproj", "{F4F86DE6-AF45-4B68-BD37-19D5BDF1B1AD}"
EndProject
Project("{2150E333-8FDC-42A3-9474-1A3956D46DE8}") = "Task2", "Task2", "{C54AFD4B-BADB-47C9-B88C-F8D8FC1C28E8}"
EndProject
Project("{FAE04EC0-301F-11D3-BF4B-00C04F79EFBC}") = "Tyuiu.ZainagabdinovR.A.Sprint2.Task2.V1", "Tyuiu.ZainagabdinovR.A.Sprint2.Task2.V1\Tyuiu.ZainagabdinovR.A.Sprint2.Task2.V1.csproj", "{732F5B8E-56BA-433E-BFDE-A4B2663ABAD1}"
EndProject
Project("{FAE04EC0-301F-11D3-BF4B-00C04F79EFBC}") = "Tyuiu.ZainagabdinovR.A.Sprint2.Task2.V1.Lib", "Tyuiu.ZainagabdinovR.A.Sprint2.Task2.V1.Lib\Tyuiu.ZainagabdinovR.A.Sprint2.Task2.V1.Lib.csproj", "{A48DC583-15EE-485D-ADA9-1F2B18C763F0}"
EndProject
Project("{FAE04EC0-301F-11D3-BF4B-00C04F79EFBC}") = "Tyuiu.ZainagabdinovR.A.Sprint2.Task2.V1.Test", "Tyuiu.ZainagabdinovR.A.Sprint2.Task2.V1.Test\Tyuiu.ZainagabdinovR.A.Sprint2.Task2.V1.Test.csproj", "{4C248E52-3121-4A2C-8088-7C60E235F809}"
EndProject
Project("{2150E333-8FDC-42A3-9474-1A3956D46DE8}") = "Task3", "Task3", "{EBA9ED3B-7DC0-439A-9589-8EF1287C7CCE}"
EndProject
Project("{FAE04EC0-301F-11D3-BF4B-00C04F79EFBC}") = "Tyuiu.ZainagabdinovR.A.Sprint2.Task3.V26", "Tyuiu.ZainagabdinovR.A.Sprint2.Task3.V26\Tyuiu.ZainagabdinovR.A.Sprint2.Task3.V26.csproj", "{ED0FE1DD-48A1-4FCC-90AB-80BBCC4EB733}"
EndProject
Project("{FAE04EC0-301F-11D3-BF4B-00C04F79EFBC}") = "Tyuiu.ZainagabdinovR.A.Sprint2.Task3.V26.Lib", "Tyuiu.ZainagabdinovR.A.Sprint2.Task3.V26.Lib\Tyuiu.ZainagabdinovR.A.Sprint2.Task3.V26.Lib.csproj", "{2C45B1A9-A9F0-4ADF-BBB4-DD4108F72C91}"
EndProject
Project("{FAE04EC0-301F-11D3-BF4B-00C04F79EFBC}") = "Tyuiu.ZainagabdinovR.A.Sprint2.Task3.V26.Test", "Tyuiu.ZainagabdinovR.A.Sprint2.Task3.V26.Test\Tyuiu.ZainagabdinovR.A.Sprint2.Task3.V26.Test.csproj", "{D1396E9A-5EC3-49FE-8406-937B9AE4E39F}"
EndProject
Project("{2150E333-8FDC-42A3-9474-1A3956D46DE8}") = "Task4", "Task4", "{8C70A821-68B3-48F6-89BC-1D84D38A7232}"
EndProject
Project("{FAE04EC0-301F-11D3-BF4B-00C04F79EFBC}") = "Tyuiu.ZainagabdinovR.A.Sprint2.Task4.V9", "Tyuiu.ZainagabdinovR.A.Sprint2.Task4.V9\Tyuiu.ZainagabdinovR.A.Sprint2.Task4.V9.csproj", "{3D16C23F-E0D2-45FD-9B92-E2688062E116}"
EndProject
Project("{FAE04EC0-301F-11D3-BF4B-00C04F79EFBC}") = "Tyuiu.ZainagabdinovR.A.Sprint2.Task4.V9.Lib", "Tyuiu.ZainagabdinovR.A.Sprint2.Task4.V9.Lib\Tyuiu.ZainagabdinovR.A.Sprint2.Task4.V9.Lib.csproj", "{39224D9E-7EB0-47D8-BD7A-5EC1E9D65969}"
EndProject
Project("{FAE04EC0-301F-11D3-BF4B-00C04F79EFBC}") = "Tyuiu.ZainagabdinovR.A.Sprint2.Task4.V9.Test", "Tyuiu.ZainagabdinovR.A.Sprint2.Task4.V9.Test\Tyuiu.ZainagabdinovR.A.Sprint2.Task4.V9.Test.csproj", "{8944F6CD-5F39-47A8-916E-5FC14BAEE3F2}"
EndProject
Project("{2150E333-8FDC-42A3-9474-1A3956D46DE8}") = "Task5", "Task5", "{091A5D48-1479-490E-8B9F-9177200B079C}"
EndProject
Project("{FAE04EC0-301F-11D3-BF4B-00C04F79EFBC}") = "Tyuiu.ZainagabdinovR.A.Sprint2.Task5.V1", "Tyuiu.ZainagabdinovR.A.Sprint2.Task5.V1\Tyuiu.ZainagabdinovR.A.Sprint2.Task5.V1.csproj", "{270F4540-018B-4C26-9DE4-833CD9A4FDC2}"
EndProject
Project("{FAE04EC0-301F-11D3-BF4B-00C04F79EFBC}") = "Tyuiu.ZainagabdinovR.A.Sprint2.Task5.V1.Lib", "Tyuiu.ZainagabdinovR.A.Sprint2.Task5.V1.Lib\Tyuiu.ZainagabdinovR.A.Sprint2.Task5.V1.Lib.csproj", "{14997332-A6D4-464A-89AF-7F29DDCABC63}"
EndProject
Project("{FAE04EC0-301F-11D3-BF4B-00C04F79EFBC}") = "Tyuiu.ZainagabdinovR.A.Sprint2.Task5.V1.Test", "Tyuiu.ZainagabdinovR.A.Sprint2.Task5.V1.Test\Tyuiu.ZainagabdinovR.A.Sprint2.Task5.V1.Test.csproj", "{429B78E0-6667-41DC-8C64-D7125A432A95}"
EndProject
Global
	GlobalSection(SolutionConfigurationPlatforms) = preSolution
		Debug|Any CPU = Debug|Any CPU
		Release|Any CPU = Release|Any CPU
	EndGlobalSection
	GlobalSection(ProjectConfigurationPlatforms) = postSolution
		{D99FA226-399F-482E-A06E-68748D0708C4}.Debug|Any CPU.ActiveCfg = Debug|Any CPU
		{D99FA226-399F-482E-A06E-68748D0708C4}.Debug|Any CPU.Build.0 = Debug|Any CPU
		{D99FA226-399F-482E-A06E-68748D0708C4}.Release|Any CPU.ActiveCfg = Release|Any CPU
		{D99FA226-399F-482E-A06E-68748D0708C4}.Release|Any CPU.Build.0 = Release|Any CPU
		{0A2B6BB1-17EB-4CC4-96C7-66F8E48D21A6}.Debug|Any CPU.ActiveCfg = Debug|Any CPU
		{0A2B6BB1-17EB-4CC4-96C7-66F8E48D21A6}.Debug|Any CPU.Build.0 = Debug|Any CPU
		{0A2B6BB1-17EB-4CC4-96C7-66F8E48D21A6}.Release|Any CPU.ActiveCfg = Release|Any CPU
		{0A2B6BB1-17EB-4CC4-96C7-66F8E48D21A6}.Release|Any CPU.Build.0 = Release|Any CPU
		{779437DF-880A-404C-A07A-1EBBD16E4EF4}.Debug|Any CPU.ActiveCfg = Debug|Any CPU
		{779437DF-880A-404C-A07A-1EBBD16E4EF4}.Debug|Any CPU.Build.0 = Debug|Any CPU
		{779437DF-880A-404C-A07A-1EBBD16E4EF4}.Release|Any CPU.ActiveCfg = Release|Any CPU
		{779437DF-880A-404C-A07A-1EBBD16E4EF4}.Release|Any CPU.Build.0 = Release|Any CPU
		{BA8D889A-89F2-4BCA-AB9C-E9CC03E9E870}.Debug|Any CPU.ActiveCfg = Debug|Any CPU
		{BA8D889A-89F2-4BCA-AB9C-E9CC03E9E870}.Debug|Any CPU.Build.0 = Debug|Any CPU
		{BA8D889A-89F2-4BCA-AB9C-E9CC03E9E870}.Release|Any CPU.ActiveCfg = Release|Any CPU
		{BA8D889A-89F2-4BCA-AB9C-E9CC03E9E870}.Release|Any CPU.Build.0 = Release|Any CPU
		{E69EEF3C-FCA4-4912-9E74-53F0B6A61326}.Debug|Any CPU.ActiveCfg = Debug|Any CPU
		{E69EEF3C-FCA4-4912-9E74-53F0B6A61326}.Debug|Any CPU.Build.0 = Debug|Any CPU
		{E69EEF3C-FCA4-4912-9E74-53F0B6A61326}.Release|Any CPU.ActiveCfg = Release|Any CPU
		{E69EEF3C-FCA4-4912-9E74-53F0B6A61326}.Release|Any CPU.Build.0 = Release|Any CPU
		{F4F86DE6-AF45-4B68-BD37-19D5BDF1B1AD}.Debug|Any CPU.ActiveCfg = Debug|Any CPU
		{F4F86DE6-AF45-4B68-BD37-19D5BDF1B1AD}.Debug|Any CPU.Build.0 = Debug|Any CPU
		{F4F86DE6-AF45-4B68-BD37-19D5BDF1B1AD}.Release|Any CPU.ActiveCfg = Release|Any CPU
		{F4F86DE6-AF45-4B68-BD37-19D5BDF1B1AD}.Release|Any CPU.Build.0 = Release|Any CPU
		{732F5B8E-56BA-433E-BFDE-A4B2663ABAD1}.Debug|Any CPU.ActiveCfg = Debug|Any CPU
		{732F5B8E-56BA-433E-BFDE-A4B2663ABAD1}.Debug|Any CPU.Build.0 = Debug|Any CPU
		{732F5B8E-56BA-433E-BFDE-A4B2663ABAD1}.Release|Any CPU.ActiveCfg = Release|Any CPU
		{732F5B8E-56BA-433E-BFDE-A4B2663ABAD1}.Release|Any CPU.Build.0 = Release|Any CPU
		{A48DC583-15EE-485D-ADA9-1F2B18C763F0}.Debug|Any CPU.ActiveCfg = Debug|Any CPU
		{A48DC583-15EE-485D-ADA9-1F2B18C763F0}.Debug|Any CPU.Build.0 = Debug|Any CPU
		{A48DC583-15EE-485D-ADA9-1F2B18C763F0}.Release|Any CPU.ActiveCfg = Release|Any CPU
		{A48DC583-15EE-485D-ADA9-1F2B18C763F0}.Release|Any CPU.Build.0 = Release|Any CPU
		{4C248E52-3121-4A2C-8088-7C60E235F809}.Debug|Any CPU.ActiveCfg = Debug|Any CPU
		{4C248E52-3121-4A2C-8088-7C60E235F809}.Debug|Any CPU.Build.0 = Debug|Any CPU
		{4C248E52-3121-4A2C-8088-7C60E235F809}.Release|Any CPU.ActiveCfg = Release|Any CPU
		{4C248E52-3121-4A2C-8088-7C60E235F809}.Release|Any CPU.Build.0 = Release|Any CPU
		{ED0FE1DD-48A1-4FCC-90AB-80BBCC4EB733}.Debug|Any CPU.ActiveCfg = Debug|Any CPU
		{ED0FE1DD-48A1-4FCC-90AB-80BBCC4EB733}.Debug|Any CPU.Build.0 = Debug|Any CPU
		{ED0FE1DD-48A1-4FCC-90AB-80BBCC4EB733}.Release|Any CPU.ActiveCfg = Release|Any CPU
		{ED0FE1DD-48A1-4FCC-90AB-80BBCC4EB733}.Release|Any CPU.Build.0 = Release|Any CPU
		{2C45B1A9-A9F0-4ADF-BBB4-DD4108F72C91}.Debug|Any CPU.ActiveCfg = Debug|Any CPU
		{2C45B1A9-A9F0-4ADF-BBB4-DD4108F72C91}.Debug|Any CPU.Build.0 = Debug|Any CPU
		{2C45B1A9-A9F0-4ADF-BBB4-DD4108F72C91}.Release|Any CPU.ActiveCfg = Release|Any CPU
		{2C45B1A9-A9F0-4ADF-BBB4-DD4108F72C91}.Release|Any CPU.Build.0 = Release|Any CPU
		{D1396E9A-5EC3-49FE-8406-937B9AE4E39F}.Debug|Any CPU.ActiveCfg = Debug|Any CPU
		{D1396E9A-5EC3-49FE-8406-937B9AE4E39F}.Debug|Any CPU.Build.0 = Debug|Any CPU
		{D1396E9A-5EC3-49FE-8406-937B9AE4E39F}.Release|Any CPU.ActiveCfg = Release|Any CPU
		{D1396E9A-5EC3-49FE-8406-937B9AE4E39F}.Release|Any CPU.Build.0 = Release|Any CPU
		{3D16C23F-E0D2-45FD-9B92-E2688062E116}.Debug|Any CPU.ActiveCfg = Debug|Any CPU
		{3D16C23F-E0D2-45FD-9B92-E2688062E116}.Debug|Any CPU.Build.0 = Debug|Any CPU
		{3D16C23F-E0D2-45FD-9B92-E2688062E116}.Release|Any CPU.ActiveCfg = Release|Any CPU
		{3D16C23F-E0D2-45FD-9B92-E2688062E116}.Release|Any CPU.Build.0 = Release|Any CPU
		{39224D9E-7EB0-47D8-BD7A-5EC1E9D65969}.Debug|Any CPU.ActiveCfg = Debug|Any CPU
		{39224D9E-7EB0-47D8-BD7A-5EC1E9D65969}.Debug|Any CPU.Build.0 = Debug|Any CPU
		{39224D9E-7EB0-47D8-BD7A-5EC1E9D65969}.Release|Any CPU.ActiveCfg = Release|Any CPU
		{39224D9E-7EB0-47D8-BD7A-5EC1E9D65969}.Release|Any CPU.Build.0 = Release|Any CPU
		{8944F6CD-5F39-47A8-916E-5FC14BAEE3F2}.Debug|Any CPU.ActiveCfg = Debug|Any CPU
		{8944F6CD-5F39-47A8-916E-5FC14BAEE3F2}.Debug|Any CPU.Build.0 = Debug|Any CPU
		{8944F6CD-5F39-47A8-916E-5FC14BAEE3F2}.Release|Any CPU.ActiveCfg = Release|Any CPU
		{8944F6CD-5F39-47A8-916E-5FC14BAEE3F2}.Release|Any CPU.Build.0 = Release|Any CPU
		{270F4540-018B-4C26-9DE4-833CD9A4FDC2}.Debug|Any CPU.ActiveCfg = Debug|Any CPU
		{270F4540-018B-4C26-9DE4-833CD9A4FDC2}.Debug|Any CPU.Build.0 = Debug|Any CPU
		{270F4540-018B-4C26-9DE4-833CD9A4FDC2}.Release|Any CPU.ActiveCfg = Release|Any CPU
		{270F4540-018B-4C26-9DE4-833CD9A4FDC2}.Release|Any CPU.Build.0 = Release|Any CPU
		{14997332-A6D4-464A-89AF-7F29DDCABC63}.Debug|Any CPU.ActiveCfg = Debug|Any CPU
		{14997332-A6D4-464A-89AF-7F29DDCABC63}.Debug|Any CPU.Build.0 = Debug|Any CPU
		{14997332-A6D4-464A-89AF-7F29DDCABC63}.Release|Any CPU.ActiveCfg = Release|Any CPU
		{14997332-A6D4-464A-89AF-7F29DDCABC63}.Release|Any CPU.Build.0 = Release|Any CPU
		{429B78E0-6667-41DC-8C64-D7125A432A95}.Debug|Any CPU.ActiveCfg = Debug|Any CPU
		{429B78E0-6667-41DC-8C64-D7125A432A95}.Debug|Any CPU.Build.0 = Debug|Any CPU
		{429B78E0-6667-41DC-8C64-D7125A432A95}.Release|Any CPU.ActiveCfg = Release|Any CPU
		{429B78E0-6667-41DC-8C64-D7125A432A95}.Release|Any CPU.Build.0 = Release|Any CPU
	EndGlobalSection
	GlobalSection(SolutionProperties) = preSolution
		HideSolutionNode = FALSE
	EndGlobalSection
	GlobalSection(NestedProjects) = preSolution
		{D99FA226-399F-482E-A06E-68748D0708C4} = {10D7D5AE-199C-48CF-AFDF-5120912C5269}
		{0A2B6BB1-17EB-4CC4-96C7-66F8E48D21A6} = {10D7D5AE-199C-48CF-AFDF-5120912C5269}
		{779437DF-880A-404C-A07A-1EBBD16E4EF4} = {10D7D5AE-199C-48CF-AFDF-5120912C5269}
		{BA8D889A-89F2-4BCA-AB9C-E9CC03E9E870} = {02E78991-044E-4BAA-87BF-D6504805FF2A}
		{E69EEF3C-FCA4-4912-9E74-53F0B6A61326} = {02E78991-044E-4BAA-87BF-D6504805FF2A}
		{F4F86DE6-AF45-4B68-BD37-19D5BDF1B1AD} = {02E78991-044E-4BAA-87BF-D6504805FF2A}
		{732F5B8E-56BA-433E-BFDE-A4B2663ABAD1} = {C54AFD4B-BADB-47C9-B88C-F8D8FC1C28E8}
		{A48DC583-15EE-485D-ADA9-1F2B18C763F0} = {C54AFD4B-BADB-47C9-B88C-F8D8FC1C28E8}
		{4C248E52-3121-4A2C-8088-7C60E235F809} = {C54AFD4B-BADB-47C9-B88C-F8D8FC1C28E8}
		{ED0FE1DD-48A1-4FCC-90AB-80BBCC4EB733} = {EBA9ED3B-7DC0-439A-9589-8EF1287C7CCE}
		{2C45B1A9-A9F0-4ADF-BBB4-DD4108F72C91} = {EBA9ED3B-7DC0-439A-9589-8EF1287C7CCE}
		{D1396E9A-5EC3-49FE-8406-937B9AE4E39F} = {EBA9ED3B-7DC0-439A-9589-8EF1287C7CCE}
		{3D16C23F-E0D2-45FD-9B92-E2688062E116} = {8C70A821-68B3-48F6-89BC-1D84D38A7232}
		{39224D9E-7EB0-47D8-BD7A-5EC1E9D65969} = {8C70A821-68B3-48F6-89BC-1D84D38A7232}
		{8944F6CD-5F39-47A8-916E-5FC14BAEE3F2} = {8C70A821-68B3-48F6-89BC-1D84D38A7232}
		{270F4540-018B-4C26-9DE4-833CD9A4FDC2} = {091A5D48-1479-490E-8B9F-9177200B079C}
		{14997332-A6D4-464A-89AF-7F29DDCABC63} = {091A5D48-1479-490E-8B9F-9177200B079C}
		{429B78E0-6667-41DC-8C64-D7125A432A95} = {091A5D48-1479-490E-8B9F-9177200B079C}
	EndGlobalSection
	GlobalSection(ExtensibilityGlobals) = postSolution
		SolutionGuid = {CA1C2B31-41FA-4F30-B12A-23870DAC143E}
	EndGlobalSection
EndGlobal
